// !$*UTF8*$!
{
	archiveVersion = 1;
	classes = {
	};
	objectVersion = 48;
	objects = {

/* Begin PBXBuildFile section */
		0C92F91C1F6BD2E8002EEF65 /* AppDelegate.swift in Sources */ = {isa = PBXBuildFile; fileRef = 0C92F91B1F6BD2E8002EEF65 /* AppDelegate.swift */; };
		0C92F91E1F6BD2E8002EEF65 /* ViewController.swift in Sources */ = {isa = PBXBuildFile; fileRef = 0C92F91D1F6BD2E8002EEF65 /* ViewController.swift */; };
		0C92F9211F6BD2E8002EEF65 /* Main.storyboard in Resources */ = {isa = PBXBuildFile; fileRef = 0C92F91F1F6BD2E8002EEF65 /* Main.storyboard */; };
		0C92F9231F6BD2E8002EEF65 /* Assets.xcassets in Resources */ = {isa = PBXBuildFile; fileRef = 0C92F9221F6BD2E8002EEF65 /* Assets.xcassets */; };
		0C92F9261F6BD2E8002EEF65 /* LaunchScreen.storyboard in Resources */ = {isa = PBXBuildFile; fileRef = 0C92F9241F6BD2E8002EEF65 /* LaunchScreen.storyboard */; };
		0C92F9331F6BD96B002EEF65 /* NetworkController.swift in Sources */ = {isa = PBXBuildFile; fileRef = 0C92F9321F6BD96B002EEF65 /* NetworkController.swift */; };
		0C92F9371F6BD9F8002EEF65 /* Person.swift in Sources */ = {isa = PBXBuildFile; fileRef = 0C92F9361F6BD9F8002EEF65 /* Person.swift */; };
		0C92F9391F6BE00C002EEF65 /* APIController.swift in Sources */ = {isa = PBXBuildFile; fileRef = 0C92F9381F6BE00C002EEF65 /* APIController.swift */; };
		0C92F93B1F6BF041002EEF65 /* LogInSuccessVC.swift in Sources */ = {isa = PBXBuildFile; fileRef = 0C92F93A1F6BF041002EEF65 /* LogInSuccessVC.swift */; };
		B7CF8A88B429384014FA76F3 /* Pods_MVCJaiHo.framework in Frameworks */ = {isa = PBXBuildFile; fileRef = 5D91DCDE33B8102A66F5A876 /* Pods_MVCJaiHo.framework */; };
/* End PBXBuildFile section */

/* Begin PBXFileReference section */
		0C92F9181F6BD2E8002EEF65 /* MVCJaiHo.app */ = {isa = PBXFileReference; explicitFileType = wrapper.application; includeInIndex = 0; path = MVCJaiHo.app; sourceTree = BUILT_PRODUCTS_DIR; };
		0C92F91B1F6BD2E8002EEF65 /* AppDelegate.swift */ = {isa = PBXFileReference; lastKnownFileType = sourcecode.swift; path = AppDelegate.swift; sourceTree = "<group>"; };
		0C92F91D1F6BD2E8002EEF65 /* ViewController.swift */ = {isa = PBXFileReference; lastKnownFileType = sourcecode.swift; path = ViewController.swift; sourceTree = "<group>"; };
		0C92F9201F6BD2E8002EEF65 /* Base */ = {isa = PBXFileReference; lastKnownFileType = file.storyboard; name = Base; path = Base.lproj/Main.storyboard; sourceTree = "<group>"; };
		0C92F9221F6BD2E8002EEF65 /* Assets.xcassets */ = {isa = PBXFileReference; lastKnownFileType = folder.assetcatalog; path = Assets.xcassets; sourceTree = "<group>"; };
		0C92F9251F6BD2E8002EEF65 /* Base */ = {isa = PBXFileReference; lastKnownFileType = file.storyboard; name = Base; path = Base.lproj/LaunchScreen.storyboard; sourceTree = "<group>"; };
		0C92F9271F6BD2E8002EEF65 /* Info.plist */ = {isa = PBXFileReference; lastKnownFileType = text.plist.xml; path = Info.plist; sourceTree = "<group>"; };
		0C92F9321F6BD96B002EEF65 /* NetworkController.swift */ = {isa = PBXFileReference; lastKnownFileType = sourcecode.swift; path = NetworkController.swift; sourceTree = "<group>"; };
		0C92F9361F6BD9F8002EEF65 /* Person.swift */ = {isa = PBXFileReference; lastKnownFileType = sourcecode.swift; path = Person.swift; sourceTree = "<group>"; };
		0C92F9381F6BE00C002EEF65 /* APIController.swift */ = {isa = PBXFileReference; lastKnownFileType = sourcecode.swift; path = APIController.swift; sourceTree = "<group>"; };
		0C92F93A1F6BF041002EEF65 /* LogInSuccessVC.swift */ = {isa = PBXFileReference; lastKnownFileType = sourcecode.swift; path = LogInSuccessVC.swift; sourceTree = "<group>"; };
		5D91DCDE33B8102A66F5A876 /* Pods_MVCJaiHo.framework */ = {isa = PBXFileReference; explicitFileType = wrapper.framework; includeInIndex = 0; path = Pods_MVCJaiHo.framework; sourceTree = BUILT_PRODUCTS_DIR; };
		7D10C7B5EE051F7F77AB32E5 /* Pods-MVCJaiHo.debug.xcconfig */ = {isa = PBXFileReference; includeInIndex = 1; lastKnownFileType = text.xcconfig; name = "Pods-MVCJaiHo.debug.xcconfig"; path = "Pods/Target Support Files/Pods-MVCJaiHo/Pods-MVCJaiHo.debug.xcconfig"; sourceTree = "<group>"; };
		EED2556DEEB4D04CDCE9668D /* Pods-MVCJaiHo.release.xcconfig */ = {isa = PBXFileReference; includeInIndex = 1; lastKnownFileType = text.xcconfig; name = "Pods-MVCJaiHo.release.xcconfig"; path = "Pods/Target Support Files/Pods-MVCJaiHo/Pods-MVCJaiHo.release.xcconfig"; sourceTree = "<group>"; };
/* End PBXFileReference section */

/* Begin PBXFrameworksBuildPhase section */
		0C92F9151F6BD2E8002EEF65 /* Frameworks */ = {
			isa = PBXFrameworksBuildPhase;
			buildActionMask = 2147483647;
			files = (
				B7CF8A88B429384014FA76F3 /* Pods_MVCJaiHo.framework in Frameworks */,
			);
			runOnlyForDeploymentPostprocessing = 0;
		};
/* End PBXFrameworksBuildPhase section */

/* Begin PBXGroup section */
		0C92F90F1F6BD2E8002EEF65 = {
			isa = PBXGroup;
			children = (
				0C92F91A1F6BD2E8002EEF65 /* MVCJaiHo */,
				0C92F9191F6BD2E8002EEF65 /* Products */,
				5889B282016D0084840038AB /* Pods */,
				609D5A6759FA80504A54C112 /* Frameworks */,
			);
			sourceTree = "<group>";
		};
		0C92F9191F6BD2E8002EEF65 /* Products */ = {
			isa = PBXGroup;
			children = (
				0C92F9181F6BD2E8002EEF65 /* MVCJaiHo.app */,
			);
			name = Products;
			sourceTree = "<group>";
		};
		0C92F91A1F6BD2E8002EEF65 /* MVCJaiHo */ = {
			isa = PBXGroup;
			children = (
				0C92F9241F6BD2E8002EEF65 /* LaunchScreen.storyboard */,
				0C92F91B1F6BD2E8002EEF65 /* AppDelegate.swift */,
				0C92F9351F6BD9C9002EEF65 /* Model */,
				0C92F9311F6BD911002EEF65 /* View */,
				0C92F9341F6BD975002EEF65 /* Controller */,
				0C92F9221F6BD2E8002EEF65 /* Assets.xcassets */,
				0C92F9271F6BD2E8002EEF65 /* Info.plist */,
			);
			path = MVCJaiHo;
			sourceTree = "<group>";
		};
		0C92F9311F6BD911002EEF65 /* View */ = {
			isa = PBXGroup;
			children = (
				0C92F91F1F6BD2E8002EEF65 /* Main.storyboard */,
				0C92F91D1F6BD2E8002EEF65 /* ViewController.swift */,
				0C92F93A1F6BF041002EEF65 /* LogInSuccessVC.swift */,
			);
			path = View;
			sourceTree = "<group>";
		};
		0C92F9341F6BD975002EEF65 /* Controller */ = {
			isa = PBXGroup;
			children = (
				0C92F9321F6BD96B002EEF65 /* NetworkController.swift */,
				0C92F9381F6BE00C002EEF65 /* APIController.swift */,
			);
			path = Controller;
			sourceTree = "<group>";
		};
		0C92F9351F6BD9C9002EEF65 /* Model */ = {
			isa = PBXGroup;
			children = (
				0C92F9361F6BD9F8002EEF65 /* Person.swift */,
			);
			path = Model;
			sourceTree = "<group>";
		};
		5889B282016D0084840038AB /* Pods */ = {
			isa = PBXGroup;
			children = (
				7D10C7B5EE051F7F77AB32E5 /* Pods-MVCJaiHo.debug.xcconfig */,
				EED2556DEEB4D04CDCE9668D /* Pods-MVCJaiHo.release.xcconfig */,
			);
			name = Pods;
			sourceTree = "<group>";
		};
		609D5A6759FA80504A54C112 /* Frameworks */ = {
			isa = PBXGroup;
			children = (
				5D91DCDE33B8102A66F5A876 /* Pods_MVCJaiHo.framework */,
			);
			name = Frameworks;
			sourceTree = "<group>";
		};
/* End PBXGroup section */

/* Begin PBXNativeTarget section */
		0C92F9171F6BD2E8002EEF65 /* MVCJaiHo */ = {
			isa = PBXNativeTarget;
			buildConfigurationList = 0C92F92A1F6BD2E8002EEF65 /* Build configuration list for PBXNativeTarget "MVCJaiHo" */;
			buildPhases = (
				B319EFB01B478290903D91C3 /* [CP] Check Pods Manifest.lock */,
				0C92F9141F6BD2E8002EEF65 /* Sources */,
				0C92F9151F6BD2E8002EEF65 /* Frameworks */,
				0C92F9161F6BD2E8002EEF65 /* Resources */,
				F4B9A83DC80575A354ABD262 /* [CP] Embed Pods Frameworks */,
				57A6721150501ED1DA187B11 /* [CP] Copy Pods Resources */,
			);
			buildRules = (
			);
			dependencies = (
			);
			name = MVCJaiHo;
			productName = MVCJaiHo;
			productReference = 0C92F9181F6BD2E8002EEF65 /* MVCJaiHo.app */;
			productType = "com.apple.product-type.application";
		};
/* End PBXNativeTarget section */

/* Begin PBXProject section */
		0C92F9101F6BD2E8002EEF65 /* Project object */ = {
			isa = PBXProject;
			attributes = {
				LastSwiftUpdateCheck = 0900;
				LastUpgradeCheck = 0900;
				ORGANIZATIONNAME = "yogesh singh negi";
				TargetAttributes = {
					0C92F9171F6BD2E8002EEF65 = {
						CreatedOnToolsVersion = 9.0;
						ProvisioningStyle = Automatic;
					};
				};
			};
			buildConfigurationList = 0C92F9131F6BD2E8002EEF65 /* Build configuration list for PBXProject "MVCJaiHo" */;
			compatibilityVersion = "Xcode 8.0";
			developmentRegion = en;
			hasScannedForEncodings = 0;
			knownRegions = (
				en,
				Base,
			);
			mainGroup = 0C92F90F1F6BD2E8002EEF65;
			productRefGroup = 0C92F9191F6BD2E8002EEF65 /* Products */;
			projectDirPath = "";
			projectRoot = "";
			targets = (
				0C92F9171F6BD2E8002EEF65 /* MVCJaiHo */,
			);
		};
/* End PBXProject section */

/* Begin PBXResourcesBuildPhase section */
		0C92F9161F6BD2E8002EEF65 /* Resources */ = {
			isa = PBXResourcesBuildPhase;
			buildActionMask = 2147483647;
			files = (
				0C92F9261F6BD2E8002EEF65 /* LaunchScreen.storyboard in Resources */,
				0C92F9231F6BD2E8002EEF65 /* Assets.xcassets in Resources */,
				0C92F9211F6BD2E8002EEF65 /* Main.storyboard in Resources */,
			);
			runOnlyForDeploymentPostprocessing = 0;
		};
/* End PBXResourcesBuildPhase section */

/* Begin PBXShellScriptBuildPhase section */
		57A6721150501ED1DA187B11 /* [CP] Copy Pods Resources */ = {
			isa = PBXShellScriptBuildPhase;
			buildActionMask = 2147483647;
			files = (
			);
			inputPaths = (
			);
			name = "[CP] Copy Pods Resources";
			outputPaths = (
			);
			runOnlyForDeploymentPostprocessing = 0;
			shellPath = /bin/sh;
			shellScript = "\"${SRCROOT}/Pods/Target Support Files/Pods-MVCJaiHo/Pods-MVCJaiHo-resources.sh\"\n";
			showEnvVarsInLog = 0;
		};
		B319EFB01B478290903D91C3 /* [CP] Check Pods Manifest.lock */ = {
			isa = PBXShellScriptBuildPhase;
			buildActionMask = 2147483647;
			files = (
			);
			inputPaths = (
				"${PODS_PODFILE_DIR_PATH}/Podfile.lock",
				"${PODS_ROOT}/Manifest.lock",
			);
			name = "[CP] Check Pods Manifest.lock";
			outputPaths = (
				"$(DERIVED_FILE_DIR)/Pods-MVCJaiHo-checkManifestLockResult.txt",
			);
			runOnlyForDeploymentPostprocessing = 0;
			shellPath = /bin/sh;
			shellScript = "diff \"${PODS_PODFILE_DIR_PATH}/Podfile.lock\" \"${PODS_ROOT}/Manifest.lock\" > /dev/null\nif [ $? != 0 ] ; then\n    # print error to STDERR\n    echo \"error: The sandbox is not in sync with the Podfile.lock. Run 'pod install' or update your CocoaPods installation.\" >&2\n    exit 1\nfi\n# This output is used by Xcode 'outputs' to avoid re-running this script phase.\necho \"SUCCESS\" > \"${SCRIPT_OUTPUT_FILE_0}\"\n";
			showEnvVarsInLog = 0;
		};
		F4B9A83DC80575A354ABD262 /* [CP] Embed Pods Frameworks */ = {
			isa = PBXShellScriptBuildPhase;
			buildActionMask = 2147483647;
			files = (
			);
			inputPaths = (
				"${SRCROOT}/Pods/Target Support Files/Pods-MVCJaiHo/Pods-MVCJaiHo-frameworks.sh",
				"${BUILT_PRODUCTS_DIR}/Alamofire/Alamofire.framework",
				"${BUILT_PRODUCTS_DIR}/SVProgressHUD/SVProgressHUD.framework",
				"${BUILT_PRODUCTS_DIR}/SwiftyJSON/SwiftyJSON.framework",
			);
			name = "[CP] Embed Pods Frameworks";
			outputPaths = (
				"${TARGET_BUILD_DIR}/${FRAMEWORKS_FOLDER_PATH}/Alamofire.framework",
				"${TARGET_BUILD_DIR}/${FRAMEWORKS_FOLDER_PATH}/SVProgressHUD.framework",
				"${TARGET_BUILD_DIR}/${FRAMEWORKS_FOLDER_PATH}/SwiftyJSON.framework",
			);
			runOnlyForDeploymentPostprocessing = 0;
			shellPath = /bin/sh;
			shellScript = "\"${SRCROOT}/Pods/Target Support Files/Pods-MVCJaiHo/Pods-MVCJaiHo-frameworks.sh\"\n";
			showEnvVarsInLog = 0;
		};
/* End PBXShellScriptBuildPhase section */

/* Begin PBXSourcesBuildPhase section */
		0C92F9141F6BD2E8002EEF65 /* Sources */ = {
			isa = PBXSourcesBuildPhase;
			buildActionMask = 2147483647;
			files = (
				0C92F91E1F6BD2E8002EEF65 /* ViewController.swift in Sources */,
				0C92F91C1F6BD2E8002EEF65 /* AppDelegate.swift in Sources */,
				0C92F93B1F6BF041002EEF65 /* LogInSuccessVC.swift in Sources */,
				0C92F9371F6BD9F8002EEF65 /* Person.swift in Sources */,
				0C92F9331F6BD96B002EEF65 /* NetworkController.swift in Sources */,
				0C92F9391F6BE00C002EEF65 /* APIController.swift in Sources */,
			);
			runOnlyForDeploymentPostprocessing = 0;
		};
/* End PBXSourcesBuildPhase section */

/* Begin PBXVariantGroup section */
		0C92F91F1F6BD2E8002EEF65 /* Main.storyboard */ = {
			isa = PBXVariantGroup;
			children = (
				0C92F9201F6BD2E8002EEF65 /* Base */,
			);
			name = Main.storyboard;
			sourceTree = "<group>";
		};
		0C92F9241F6BD2E8002EEF65 /* LaunchScreen.storyboard */ = {
			isa = PBXVariantGroup;
			children = (
				0C92F9251F6BD2E8002EEF65 /* Base */,
			);
			name = LaunchScreen.storyboard;
			sourceTree = "<group>";
		};
/* End PBXVariantGroup section */

/* Begin XCBuildConfiguration section */
		0C92F9281F6BD2E8002EEF65 /* Debug */ = {
			isa = XCBuildConfiguration;
			buildSettings = {
				ALWAYS_SEARCH_USER_PATHS = NO;
				CLANG_ANALYZER_NONNULL = YES;
				CLANG_ANALYZER_NUMBER_OBJECT_CONVERSION = YES_AGGRESSIVE;
				CLANG_CXX_LANGUAGE_STANDARD = "gnu++14";
				CLANG_CXX_LIBRARY = "libc++";
				CLANG_ENABLE_MODULES = YES;
				CLANG_ENABLE_OBJC_ARC = YES;
				CLANG_WARN_BLOCK_CAPTURE_AUTORELEASING = YES;
				CLANG_WARN_BOOL_CONVERSION = YES;
				CLANG_WARN_COMMA = YES;
				CLANG_WARN_CONSTANT_CONVERSION = YES;
				CLANG_WARN_DIRECT_OBJC_ISA_USAGE = YES_ERROR;
				CLANG_WARN_DOCUMENTATION_COMMENTS = YES;
				CLANG_WARN_EMPTY_BODY = YES;
				CLANG_WARN_ENUM_CONVERSION = YES;
				CLANG_WARN_INFINITE_RECURSION = YES;
				CLANG_WARN_INT_CONVERSION = YES;
				CLANG_WARN_NON_LITERAL_NULL_CONVERSION = YES;
				CLANG_WARN_OBJC_LITERAL_CONVERSION = YES;
				CLANG_WARN_OBJC_ROOT_CLASS = YES_ERROR;
				CLANG_WARN_RANGE_LOOP_ANALYSIS = YES;
				CLANG_WARN_STRICT_PROTOTYPES = YES;
				CLANG_WARN_SUSPICIOUS_MOVE = YES;
				CLANG_WARN_UNGUARDED_AVAILABILITY = YES_AGGRESSIVE;
				CLANG_WARN_UNREACHABLE_CODE = YES;
				CLANG_WARN__DUPLICATE_METHOD_MATCH = YES;
				CODE_SIGN_IDENTITY = "iPhone Developer";
				COPY_PHASE_STRIP = NO;
				DEBUG_INFORMATION_FORMAT = dwarf;
				ENABLE_STRICT_OBJC_MSGSEND = YES;
				ENABLE_TESTABILITY = YES;
				GCC_C_LANGUAGE_STANDARD = gnu11;
				GCC_DYNAMIC_NO_PIC = NO;
				GCC_NO_COMMON_BLOCKS = YES;
				GCC_OPTIMIZATION_LEVEL = 0;
				GCC_PREPROCESSOR_DEFINITIONS = (
					"DEBUG=1",
					"$(inherited)",
				);
				GCC_WARN_64_TO_32_BIT_CONVERSION = YES;
				GCC_WARN_ABOUT_RETURN_TYPE = YES_ERROR;
				GCC_WARN_UNDECLARED_SELECTOR = YES;
				GCC_WARN_UNINITIALIZED_AUTOS = YES_AGGRESSIVE;
				GCC_WARN_UNUSED_FUNCTION = YES;
				GCC_WARN_UNUSED_VARIABLE = YES;
				IPHONEOS_DEPLOYMENT_TARGET = 11.0;
				MTL_ENABLE_DEBUG_INFO = YES;
				ONLY_ACTIVE_ARCH = YES;
				SDKROOT = iphoneos;
				SWIFT_ACTIVE_COMPILATION_CONDITIONS = DEBUG;
				SWIFT_OPTIMIZATION_LEVEL = "-Onone";
			};
			name = Debug;
		};
		0C92F9291F6BD2E8002EEF65 /* Release */ = {
			isa = XCBuildConfiguration;
			buildSettings = {
				ALWAYS_SEARCH_USER_PATHS = NO;
				CLANG_ANALYZER_NONNULL = YES;
				CLANG_ANALYZER_NUMBER_OBJECT_CONVERSION = YES_AGGRESSIVE;
				CLANG_CXX_LANGUAGE_STANDARD = "gnu++14";
				CLANG_CXX_LIBRARY = "libc++";
				CLANG_ENABLE_MODULES = YES;
				CLANG_ENABLE_OBJC_ARC = YES;
				CLANG_WARN_BLOCK_CAPTURE_AUTORELEASING = YES;
				CLANG_WARN_BOOL_CONVERSION = YES;
				CLANG_WARN_COMMA = YES;
				CLANG_WARN_CONSTANT_CONVERSION = YES;
				CLANG_WARN_DIRECT_OBJC_ISA_USAGE = YES_ERROR;
				CLANG_WARN_DOCUMENTATION_COMMENTS = YES;
				CLANG_WARN_EMPTY_BODY = YES;
				CLANG_WARN_ENUM_CONVERSION = YES;
				CLANG_WARN_INFINITE_RECURSION = YES;
				CLANG_WARN_INT_CONVERSION = YES;
				CLANG_WARN_NON_LITERAL_NULL_CONVERSION = YES;
				CLANG_WARN_OBJC_LITERAL_CONVERSION = YES;
				CLANG_WARN_OBJC_ROOT_CLASS = YES_ERROR;
				CLANG_WARN_RANGE_LOOP_ANALYSIS = YES;
				CLANG_WARN_STRICT_PROTOTYPES = YES;
				CLANG_WARN_SUSPICIOUS_MOVE = YES;
				CLANG_WARN_UNGUARDED_AVAILABILITY = YES_AGGRESSIVE;
				CLANG_WARN_UNREACHABLE_CODE = YES;
				CLANG_WARN__DUPLICATE_METHOD_MATCH = YES;
				CODE_SIGN_IDENTITY = "iPhone Developer";
				COPY_PHASE_STRIP = NO;
				DEBUG_INFORMATION_FORMAT = "dwarf-with-dsym";
				ENABLE_NS_ASSERTIONS = NO;
				ENABLE_STRICT_OBJC_MSGSEND = YES;
				GCC_C_LANGUAGE_STANDARD = gnu11;
				GCC_NO_COMMON_BLOCKS = YES;
				GCC_WARN_64_TO_32_BIT_CONVERSION = YES;
				GCC_WARN_ABOUT_RETURN_TYPE = YES_ERROR;
				GCC_WARN_UNDECLARED_SELECTOR = YES;
				GCC_WARN_UNINITIALIZED_AUTOS = YES_AGGRESSIVE;
				GCC_WARN_UNUSED_FUNCTION = YES;
				GCC_WARN_UNUSED_VARIABLE = YES;
				IPHONEOS_DEPLOYMENT_TARGET = 11.0;
				MTL_ENABLE_DEBUG_INFO = NO;
				SDKROOT = iphoneos;
				SWIFT_OPTIMIZATION_LEVEL = "-Owholemodule";
				VALIDATE_PRODUCT = YES;
			};
			name = Release;
		};
		0C92F92B1F6BD2E8002EEF65 /* Debug */ = {
			isa = XCBuildConfiguration;
			baseConfigurationReference = 7D10C7B5EE051F7F77AB32E5 /* Pods-MVCJaiHo.debug.xcconfig */;
			buildSettings = {
				ASSETCATALOG_COMPILER_APPICON_NAME = AppIcon;
				CODE_SIGN_STYLE = Automatic;
				INFOPLIST_FILE = MVCJaiHo/Info.plist;
				LD_RUNPATH_SEARCH_PATHS = "$(inherited) @executable_path/Frameworks";
				PRODUCT_BUNDLE_IDENTIFIER = com.yogi.MVCJaiHo;
				PRODUCT_NAME = "$(TARGET_NAME)";
				SWIFT_VERSION = 4.0;
				TARGETED_DEVICE_FAMILY = 1;
			};
			name = Debug;
		};
		0C92F92C1F6BD2E8002EEF65 /* Release */ = {
			isa = XCBuildConfiguration;
			baseConfigurationReference = EED2556DEEB4D04CDCE9668D /* Pods-MVCJaiHo.release.xcconfig */;
			buildSettings = {
				ASSETCATALOG_COMPILER_APPICON_NAME = AppIcon;
				CODE_SIGN_STYLE = Automatic;
				INFOPLIST_FILE = MVCJaiHo/Info.plist;
				LD_RUNPATH_SEARCH_PATHS = "$(inherited) @executable_path/Frameworks";
				PRODUCT_BUNDLE_IDENTIFIER = com.yogi.MVCJaiHo;
				PRODUCT_NAME = "$(TARGET_NAME)";
				SWIFT_VERSION = 4.0;
				TARGETED_DEVICE_FAMILY = 1;
			};
			name = Release;
		};
/* End XCBuildConfiguration section */

/* Begin XCConfigurationList section */
		0C92F9131F6BD2E8002EEF65 /* Build configuration list for PBXProject "MVCJaiHo" */ = {
			isa = XCConfigurationList;
			buildConfigurations = (
				0C92F9281F6BD2E8002EEF65 /* Debug */,
				0C92F9291F6BD2E8002EEF65 /* Release */,
			);
			defaultConfigurationIsVisible = 0;
			defaultConfigurationName = Release;
		};
		0C92F92A1F6BD2E8002EEF65 /* Build configuration list for PBXNativeTarget "MVCJaiHo" */ = {
			isa = XCConfigurationList;
			buildConfigurations = (
				0C92F92B1F6BD2E8002EEF65 /* Debug */,
				0C92F92C1F6BD2E8002EEF65 /* Release */,
			);
			defaultConfigurationIsVisible = 0;
			defaultConfigurationName = Release;
		};
/* End XCConfigurationList section */
	};
	rootObject = 0C92F9101F6BD2E8002EEF65 /* Project object */;
}
